{
  "name": "keybase-bot",
  "version": "1.0.0",
  "lockfileVersion": 2,
  "requires": true,
  "packages": {
    "": {
      "version": "1.0.0",
      "license": "GPL-3.0-or-later",
      "dependencies": {
        "keybase-bot": "^1.0.3"
      },
      "devDependencies": {}
    },
    "node_modules/keybase-bot": {
      "version": "1.0.3",
      "resolved": "https://registry.npmjs.org/keybase-bot/-/keybase-bot-1.0.3.tgz",
      "integrity": "sha512-fJ/+NNPGVrLg64i6DfU8mjoXDjlgMeZCOo8MkUUZR5PaRTG61iuc3yqyXR/SRShxCd/cEi8v/41ejWPZ9CDHJg==",
      "dependencies": {
        "lodash.camelcase": "4.3.0",
        "lodash.kebabcase": "4.1.1",
        "lodash.snakecase": "4.1.1"
      },
      "engines": {
        "node": ">=8.0.0"
      }
    },
    "node_modules/lodash.camelcase": {
      "version": "4.3.0",
      "resolved": "https://registry.npmjs.org/lodash.camelcase/-/lodash.camelcase-4.3.0.tgz",
      "integrity": "sha1-soqmKIorn8ZRA1x3EfZathkDMaY="
    },
    "node_modules/lodash.kebabcase": {
      "version": "4.1.1",
      "resolved": "https://registry.npmjs.org/lodash.kebabcase/-/lodash.kebabcase-4.1.1.tgz",
      "integrity": "sha1-hImxyw0p/4gZXM7KRI/21swpXDY="
    },
    "node_modules/lodash.snakecase": {
      "version": "4.1.1",
      "resolved": "https://registry.npmjs.org/lodash.snakecase/-/lodash.snakecase-4.1.1.tgz",
      "integrity": "sha1-OdcUo1NXFHg3rv1ktdy7Fr7Nj40="
    }
  },
  "dependencies": {
    "keybase-bot": {
      "version": "1.0.3",
      "resolved": "https://registry.npmjs.org/keybase-bot/-/keybase-bot-1.0.3.tgz",
      "integrity": "sha512-fJ/+NNPGVrLg64i6DfU8mjoXDjlgMeZCOo8MkUUZR5PaRTG61iuc3yqyXR/SRShxCd/cEi8v/41ejWPZ9CDHJg==",
      "requires": {
        "lodash.camelcase": "4.3.0",
        "lodash.kebabcase": "4.1.1",
        "lodash.snakecase": "4.1.1"
      }
    },
    "lodash.camelcase": {
      "version": "4.3.0",
      "resolved": "https://registry.npmjs.org/lodash.camelcase/-/lodash.camelcase-4.3.0.tgz",
      "integrity": "sha1-soqmKIorn8ZRA1x3EfZathkDMaY="
    },
    "lodash.kebabcase": {
      "version": "4.1.1",
      "resolved": "https://registry.npmjs.org/lodash.kebabcase/-/lodash.kebabcase-4.1.1.tgz",
      "integrity": "sha1-hImxyw0p/4gZXM7KRI/21swpXDY="
    },
    "lodash.snakecase": {
      "version": "4.1.1",
      "resolved": "https://registry.npmjs.org/lodash.snakecase/-/lodash.snakecase-4.1.1.tgz",
      "integrity": "sha1-OdcUo1NXFHg3rv1ktdy7Fr7Nj40="
    }
  }
}
